
Microsoft Visual Studio Solution File, Format Version 12.00
# Visual Studio 15
VisualStudioVersion = 15.0.27130.2010
MinimumVisualStudioVersion = 10.0.40219.1
Project("{9A19103F-16F7-4668-BE54-9A1E7A4F7556}") = "BuyLowSellHigh", "BuyLowSellHigh\BuyLowSellHigh.csproj", "{DC027808-BB65-4A76-920B-3970EBA587DB}"
EndProject
Global
	GlobalSection(SolutionConfigurationPlatforms) = preSolution
		Debug|Any CPU = Debug|Any CPU
		Release|Any CPU = Release|Any CPU
	EndGlobalSection
	GlobalSection(ProjectConfigurationPlatforms) = postSolution
		{DC027808-BB65-4A76-920B-3970EBA587DB}.Debug|Any CPU.ActiveCfg = Debug|Any CPU
		{DC027808-BB65-4A76-920B-3970EBA587DB}.Debug|Any CPU.Build.0 = Debug|Any CPU
		{DC027808-BB65-4A76-920B-3970EBA587DB}.Release|Any CPU.ActiveCfg = Release|Any CPU
		{DC027808-BB65-4A76-920B-3970EBA587DB}.Release|Any CPU.Build.0 = Release|Any CPU
	EndGlobalSection
	GlobalSection(SolutionProperties) = preSolution
		HideSolutionNode = FALSE
	EndGlobalSection
	GlobalSection(ExtensibilityGlobals) = postSolution
		SolutionGuid = {A960ADF3-992E-4E01-87AF-77CA57414274}
	EndGlobalSection
EndGlobal
